Microsoft Visual Studio Solution File, Format Version 12.00
# Visual Studio Version 17
VisualStudioVersion = 17.5.2.0
MinimumVisualStudioVersion = 10.0.40219.1
Project("{FAE04EC0-301F-11D3-BF4B-00C04F79EFBC}") = "images", "images\images.csproj", "{AB097278-E617-499F-C61A-AD0100A55C01}"
EndProject
Global
	GlobalSection(SolutionConfigurationPlatforms) = preSolution
		Debug|Any CPU = Debug|Any CPU
		Release|Any CPU = Release|Any CPU
	EndGlobalSection
	GlobalSection(ProjectConfigurationPlatforms) = postSolution
		{AB097278-E617-499F-C61A-AD0100A55C01}.Debug|Any CPU.ActiveCfg = Debug|Any CPU
		{AB097278-E617-499F-C61A-AD0100A55C01}.Debug|Any CPU.Build.0 = Debug|Any CPU
		{AB097278-E617-499F-C61A-AD0100A55C01}.Release|Any CPU.ActiveCfg = Release|Any CPU
		{AB097278-E617-499F-C61A-AD0100A55C01}.Release|Any CPU.Build.0 = Release|Any CPU
	EndGlobalSection
	GlobalSection(SolutionProperties) = preSolution
		HideSolutionNode = FALSE
	EndGlobalSection
	GlobalSection(ExtensibilityGlobals) = postSolution
		SolutionGuid = {0EE2E186-843F-42FF-A58F-9E4D37F1C251}
	EndGlobalSection
EndGlobal
